# THIS IS AN AUTOGENERATED FILE. DO NOT EDIT THIS FILE DIRECTLY.
# yarn lockfile v1


async-csv@^2.1.3:
  version "2.1.3"
  resolved "https://registry.yarnpkg.com/async-csv/-/async-csv-2.1.3.tgz#d6e43c61050ed3501b57f53c4c28943c5da59172"
  integrity sha512-mpsCN+D7mzZeqrlDw7UTPhvDQDlx1i819E9fbKIt8drkgED5FSOlBv3Rk/+sXdevnO2wwlRkVOQ4kdT0AyqPqQ==
  dependencies:
    csv "^5.1.3"

csv-generate@^3.4.2:
  version "3.4.2"
  resolved "https://registry.yarnpkg.com/csv-generate/-/csv-generate-3.4.2.tgz#65f901ef210cad160d8359b5b4748d6bad547008"
  integrity sha512-Bbk8HsUwd824v7lwGZO7TjoTT57tFdlF4SNkCu0pF6DLy0YkKWDNETqQ9KCkwYNu5N24xLIwNG7CiQ3QCSUf5g==

csv-parse@^4.16.2:
  version "4.16.2"
  resolved "https://registry.yarnpkg.com/csv-parse/-/csv-parse-4.16.2.tgz#cd7d25e9b9e1430ac6aa5ed9b5c1685e72d4a8d8"
  integrity sha512-eq2BhB6JiIJaNv61pH5EC+o/iyCBxT+g6ukLu2UoNyS5daCN8YlzhOsLHGt/t9sGraMYt/aizaXPLQoNvxlIMw==

csv-stringify@^5.6.4:
  version "5.6.4"
  resolved "https://registry.yarnpkg.com/csv-stringify/-/csv-stringify-5.6.4.tgz#8764c56c39eefc1539db47de3f3b90eb11be22f0"
  integrity sha512-LnX2ft+6MX3CJKLoL4n9ZLIiaUKmPQLJixMbSfGC8wGNBn82UEdX9Fcg4f2HbpCTWqjIiLrxegQt2uorQo2NXw==

csv@^5.1.3:
  version "5.5.2"
  resolved "https://registry.yarnpkg.com/csv/-/csv-5.5.2.tgz#c3ec41cefbad263eba9c2964126518264b978451"
  integrity sha512-sVAhC1tYZW0Oy3P88bFVGbZZhFu+0bGSNjZJMjVxIJffSpHdFfxcIFK1ALtZMWYyfaxAIuYWGOobKGcXr2mVvw==
  dependencies:
    csv-generate "^3.4.2"
    csv-parse "^4.16.2"
    csv-stringify "^5.6.4"
    stream-transform "^2.1.2"

mixme@^0.5.0:
  version "0.5.1"
  resolved "https://registry.yarnpkg.com/mixme/-/mixme-0.5.1.tgz#b3da79a563b2da46efba9519830059e4c2a9e40f"
  integrity sha512-NaeZIckeBFT7i0XBEpGyFcAE0/bLcQ9MHErTpnU3bLWVE5WZbxG5Y3fDsMxYGifTo5khDA42OquXCC2ngKJB+g==

objects-to-csv@^1.3.6:
  version "1.3.6"
  resolved "https://registry.yarnpkg.com/objects-to-csv/-/objects-to-csv-1.3.6.tgz#05f25144099151ee915d2dd1458d4dd3ea96d84a"
  integrity sha512-383eSpS3hmgCksW85KIqBtcbgSW5DDVsCmzLoM6C3q4yzOX2rmtWxF4pbLJ76fz+ufA+4/SwAT4QdaY6IUWmAg==
  dependencies:
    async-csv "^2.1.3"

stream-transform@^2.1.2:
  version "2.1.2"
  resolved "https://registry.yarnpkg.com/stream-transform/-/stream-transform-2.1.2.tgz#1f5f6ee8a663b38c7a57cf13de360b3de3fa89f6"
  integrity sha512-EnqH5Fdzs6OQB651YsAw1Y78EznjC5B6ythbXIuAiS7r5JVJWGPU8iVDnxFvps/FpSdJIctCcFStamDEygovBg==
  dependencies:
    mixme "^0.5.0"
